// !$*UTF8*$!
{
	archiveVersion = 1;
	classes = {
	};
	objectVersion = 46;
	objects = {

/* Begin PBXBuildFile section */
		3E004FB423E7E2272D36462B /* Pods_ReadeRSS.framework in Frameworks */ = {isa = PBXBuildFile; fileRef = A58E44E08DA7F1DC8017C308 /* Pods_ReadeRSS.framework */; };
		420C30861D3CC3610077E18E /* Category.swift in Sources */ = {isa = PBXBuildFile; fileRef = 420C30851D3CC3610077E18E /* Category.swift */; };
		42237CDA1D3E257100A1C262 /* MainTableViewController.swift in Sources */ = {isa = PBXBuildFile; fileRef = 42237CD91D3E257100A1C262 /* MainTableViewController.swift */; };
		4223912B1D2E83350071BCD7 /* AppDelegate.swift in Sources */ = {isa = PBXBuildFile; fileRef = 4223912A1D2E83350071BCD7 /* AppDelegate.swift */; };
		422391321D2E83350071BCD7 /* Assets.xcassets in Resources */ = {isa = PBXBuildFile; fileRef = 422391311D2E83350071BCD7 /* Assets.xcassets */; };
		422391351D2E83350071BCD7 /* LaunchScreen.storyboard in Resources */ = {isa = PBXBuildFile; fileRef = 422391331D2E83350071BCD7 /* LaunchScreen.storyboard */; };
		422391421D2E85710071BCD7 /* ListTableViewController.swift in Sources */ = {isa = PBXBuildFile; fileRef = 422391411D2E85710071BCD7 /* ListTableViewController.swift */; };
		422391441D2E857E0071BCD7 /* ProfileTableViewController.swift in Sources */ = {isa = PBXBuildFile; fileRef = 422391431D2E857E0071BCD7 /* ProfileTableViewController.swift */; };
		422391481D2E94EF0071BCD7 /* Article.swift in Sources */ = {isa = PBXBuildFile; fileRef = 422391471D2E94EF0071BCD7 /* Article.swift */; };
		4223914A1D2FA7E80071BCD7 /* MainTableViewCell.swift in Sources */ = {isa = PBXBuildFile; fileRef = 422391491D2FA7E80071BCD7 /* MainTableViewCell.swift */; };
		4223914C1D2FC8370071BCD7 /* ListTableViewCell.swift in Sources */ = {isa = PBXBuildFile; fileRef = 4223914B1D2FC8370071BCD7 /* ListTableViewCell.swift */; };
		4246968B1D3637F10061D37E /* Feed.swift in Sources */ = {isa = PBXBuildFile; fileRef = 4246968A1D3637F10061D37E /* Feed.swift */; };
		4246968E1D363D190061D37E /* XMLParser.swift in Sources */ = {isa = PBXBuildFile; fileRef = 4246968D1D363D190061D37E /* XMLParser.swift */; };
		424696901D36638F0061D37E /* Main.storyboard in Resources */ = {isa = PBXBuildFile; fileRef = 4246968F1D36638F0061D37E /* Main.storyboard */; };
		424845A81D40BF770039AFE5 /* AdditemViewController.swift in Sources */ = {isa = PBXBuildFile; fileRef = 424845A71D40BF770039AFE5 /* AdditemViewController.swift */; };
		424845AA1D40E3FB0039AFE5 /* DataHandler.swift in Sources */ = {isa = PBXBuildFile; fileRef = 424845A91D40E3FB0039AFE5 /* DataHandler.swift */; };
		427B34381D377EC10008765B /* ArticleSafariViewController.swift in Sources */ = {isa = PBXBuildFile; fileRef = 427B34371D377EC10008765B /* ArticleSafariViewController.swift */; };
		427B343A1D378FD70008765B /* Section.swift in Sources */ = {isa = PBXBuildFile; fileRef = 427B34391D378FD70008765B /* Section.swift */; };
/* End PBXBuildFile section */

/* Begin PBXFileReference section */
		420C30851D3CC3610077E18E /* Category.swift */ = {isa = PBXFileReference; fileEncoding = 4; lastKnownFileType = sourcecode.swift; path = Category.swift; sourceTree = "<group>"; };
		42237CD91D3E257100A1C262 /* MainTableViewController.swift */ = {isa = PBXFileReference; fileEncoding = 4; lastKnownFileType = sourcecode.swift; path = MainTableViewController.swift; sourceTree = "<group>"; };
		422391271D2E83350071BCD7 /* ReadeRSS.app */ = {isa = PBXFileReference; explicitFileType = wrapper.application; includeInIndex = 0; path = ReadeRSS.app; sourceTree = BUILT_PRODUCTS_DIR; };
		4223912A1D2E83350071BCD7 /* AppDelegate.swift */ = {isa = PBXFileReference; lastKnownFileType = sourcecode.swift; path = AppDelegate.swift; sourceTree = "<group>"; };
		422391311D2E83350071BCD7 /* Assets.xcassets */ = {isa = PBXFileReference; lastKnownFileType = folder.assetcatalog; path = Assets.xcassets; sourceTree = "<group>"; };
		422391341D2E83350071BCD7 /* Base */ = {isa = PBXFileReference; lastKnownFileType = file.storyboard; name = Base; path = Base.lproj/LaunchScreen.storyboard; sourceTree = "<group>"; };
		422391361D2E83350071BCD7 /* Info.plist */ = {isa = PBXFileReference; lastKnownFileType = text.plist.xml; path = Info.plist; sourceTree = "<group>"; };
		422391411D2E85710071BCD7 /* ListTableViewController.swift */ = {isa = PBXFileReference; fileEncoding = 4; lastKnownFileType = sourcecode.swift; path = ListTableViewController.swift; sourceTree = "<group>"; };
		422391431D2E857E0071BCD7 /* ProfileTableViewController.swift */ = {isa = PBXFileReference; fileEncoding = 4; lastKnownFileType = sourcecode.swift; path = ProfileTableViewController.swift; sourceTree = "<group>"; };
		422391471D2E94EF0071BCD7 /* Article.swift */ = {isa = PBXFileReference; fileEncoding = 4; lastKnownFileType = sourcecode.swift; path = Article.swift; sourceTree = "<group>"; };
		422391491D2FA7E80071BCD7 /* MainTableViewCell.swift */ = {isa = PBXFileReference; fileEncoding = 4; lastKnownFileType = sourcecode.swift; path = MainTableViewCell.swift; sourceTree = "<group>"; };
		4223914B1D2FC8370071BCD7 /* ListTableViewCell.swift */ = {isa = PBXFileReference; fileEncoding = 4; lastKnownFileType = sourcecode.swift; path = ListTableViewCell.swift; sourceTree = "<group>"; };
		4246968A1D3637F10061D37E /* Feed.swift */ = {isa = PBXFileReference; fileEncoding = 4; lastKnownFileType = sourcecode.swift; path = Feed.swift; sourceTree = "<group>"; };
		4246968D1D363D190061D37E /* XMLParser.swift */ = {isa = PBXFileReference; fileEncoding = 4; lastKnownFileType = sourcecode.swift; path = XMLParser.swift; sourceTree = "<group>"; };
		4246968F1D36638F0061D37E /* Main.storyboard */ = {isa = PBXFileReference; fileEncoding = 4; lastKnownFileType = file.storyboard; path = Main.storyboard; sourceTree = "<group>"; };
		424845A71D40BF770039AFE5 /* AdditemViewController.swift */ = {isa = PBXFileReference; fileEncoding = 4; lastKnownFileType = sourcecode.swift; path = AdditemViewController.swift; sourceTree = "<group>"; };
		424845A91D40E3FB0039AFE5 /* DataHandler.swift */ = {isa = PBXFileReference; fileEncoding = 4; lastKnownFileType = sourcecode.swift; path = DataHandler.swift; sourceTree = "<group>"; };
		427B34371D377EC10008765B /* ArticleSafariViewController.swift */ = {isa = PBXFileReference; fileEncoding = 4; lastKnownFileType = sourcecode.swift; path = ArticleSafariViewController.swift; sourceTree = "<group>"; };
		427B34391D378FD70008765B /* Section.swift */ = {isa = PBXFileReference; fileEncoding = 4; lastKnownFileType = sourcecode.swift; path = Section.swift; sourceTree = "<group>"; };
		A58E44E08DA7F1DC8017C308 /* Pods_ReadeRSS.framework */ = {isa = PBXFileReference; explicitFileType = wrapper.framework; includeInIndex = 0; path = Pods_ReadeRSS.framework; sourceTree = BUILT_PRODUCTS_DIR; };
		AD8F73AC1F2D56C4356B3274 /* Pods-ReadeRSS.debug.xcconfig */ = {isa = PBXFileReference; includeInIndex = 1; lastKnownFileType = text.xcconfig; name = "Pods-ReadeRSS.debug.xcconfig"; path = "Pods/Target Support Files/Pods-ReadeRSS/Pods-ReadeRSS.debug.xcconfig"; sourceTree = "<group>"; };
		C20475FE1A02F1870D96E4CE /* Pods-ReadeRSS.release.xcconfig */ = {isa = PBXFileReference; includeInIndex = 1; lastKnownFileType = text.xcconfig; name = "Pods-ReadeRSS.release.xcconfig"; path = "Pods/Target Support Files/Pods-ReadeRSS/Pods-ReadeRSS.release.xcconfig"; sourceTree = "<group>"; };
/* End PBXFileReference section */

/* Begin PBXFrameworksBuildPhase section */
		422391241D2E83350071BCD7 /* Frameworks */ = {
			isa = PBXFrameworksBuildPhase;
			buildActionMask = 2147483647;
			files = (
				3E004FB423E7E2272D36462B /* Pods_ReadeRSS.framework in Frameworks */,
			);
			runOnlyForDeploymentPostprocessing = 0;
		};
/* End PBXFrameworksBuildPhase section */

/* Begin PBXGroup section */
		2A79FAB18E3E55E00C3D8059 /* Frameworks */ = {
			isa = PBXGroup;
			children = (
				A58E44E08DA7F1DC8017C308 /* Pods_ReadeRSS.framework */,
			);
			name = Frameworks;
			sourceTree = "<group>";
		};
		4223911E1D2E83350071BCD7 = {
			isa = PBXGroup;
			children = (
				422391291D2E83350071BCD7 /* ReadeRSS */,
				422391281D2E83350071BCD7 /* Products */,
				EC77E35A3D04CBD4F5B5F613 /* Pods */,
				2A79FAB18E3E55E00C3D8059 /* Frameworks */,
			);
			sourceTree = "<group>";
		};
		422391281D2E83350071BCD7 /* Products */ = {
			isa = PBXGroup;
			children = (
				422391271D2E83350071BCD7 /* ReadeRSS.app */,
			);
			name = Products;
			sourceTree = "<group>";
		};
		422391291D2E83350071BCD7 /* ReadeRSS */ = {
			isa = PBXGroup;
			children = (
				4265B93B1D4F671100C173BD /* Supporting files */,
				4265B93A1D4F670900C173BD /* Storyboards */,
				4246968C1D363D070061D37E /* Manager */,
				4223913C1D2E852B0071BCD7 /* Model */,
				4223913D1D2E85300071BCD7 /* View */,
				4223913E1D2E85350071BCD7 /* Controller */,
			);
			path = ReadeRSS;
			sourceTree = "<group>";
		};
		4223913C1D2E852B0071BCD7 /* Model */ = {
			isa = PBXGroup;
			children = (
				422391471D2E94EF0071BCD7 /* Article.swift */,
				4246968A1D3637F10061D37E /* Feed.swift */,
				427B34391D378FD70008765B /* Section.swift */,
				420C30851D3CC3610077E18E /* Category.swift */,
			);
			name = Model;
			sourceTree = "<group>";
		};
		4223913D1D2E85300071BCD7 /* View */ = {
			isa = PBXGroup;
			children = (
				422391491D2FA7E80071BCD7 /* MainTableViewCell.swift */,
				4223914B1D2FC8370071BCD7 /* ListTableViewCell.swift */,
			);
			name = View;
			sourceTree = "<group>";
		};
		4223913E1D2E85350071BCD7 /* Controller */ = {
			isa = PBXGroup;
			children = (
				42237CD91D3E257100A1C262 /* MainTableViewController.swift */,
				422391411D2E85710071BCD7 /* ListTableViewController.swift */,
				422391431D2E857E0071BCD7 /* ProfileTableViewController.swift */,
				427B34371D377EC10008765B /* ArticleSafariViewController.swift */,
				424845A71D40BF770039AFE5 /* AdditemViewController.swift */,
			);
			name = Controller;
			sourceTree = "<group>";
		};
		4246968C1D363D070061D37E /* Manager */ = {
			isa = PBXGroup;
			children = (
				4246968D1D363D190061D37E /* XMLParser.swift */,
				424845A91D40E3FB0039AFE5 /* DataHandler.swift */,
			);
			name = Manager;
			sourceTree = "<group>";
		};
		4265B93A1D4F670900C173BD /* Storyboards */ = {
			isa = PBXGroup;
			children = (
				4246968F1D36638F0061D37E /* Main.storyboard */,
				422391331D2E83350071BCD7 /* LaunchScreen.storyboard */,
			);
			name = Storyboards;
			sourceTree = "<group>";
		};
		4265B93B1D4F671100C173BD /* Supporting files */ = {
			isa = PBXGroup;
			children = (
				4223912A1D2E83350071BCD7 /* AppDelegate.swift */,
				422391311D2E83350071BCD7 /* Assets.xcassets */,
				422391361D2E83350071BCD7 /* Info.plist */,
			);
			name = "Supporting files";
			sourceTree = "<group>";
		};
		EC77E35A3D04CBD4F5B5F613 /* Pods */ = {
			isa = PBXGroup;
			children = (
				AD8F73AC1F2D56C4356B3274 /* Pods-ReadeRSS.debug.xcconfig */,
				C20475FE1A02F1870D96E4CE /* Pods-ReadeRSS.release.xcconfig */,
			);
			name = Pods;
			sourceTree = "<group>";
		};
/* End PBXGroup section */

/* Begin PBXNativeTarget section */
		422391261D2E83350071BCD7 /* ReadeRSS */ = {
			isa = PBXNativeTarget;
			buildConfigurationList = 422391391D2E83350071BCD7 /* Build configuration list for PBXNativeTarget "ReadeRSS" */;
			buildPhases = (
				720073CE95B79E7EE6C34B98 /* [CP] Check Pods Manifest.lock */,
				422391231D2E83350071BCD7 /* Sources */,
				422391241D2E83350071BCD7 /* Frameworks */,
				422391251D2E83350071BCD7 /* Resources */,
				1AE6BC949E3A7932D17E56AC /* [CP] Embed Pods Frameworks */,
				491071100E77433D9427F4A7 /* [CP] Copy Pods Resources */,
			);
			buildRules = (
			);
			dependencies = (
			);
			name = ReadeRSS;
			productName = ReadeRSS;
			productReference = 422391271D2E83350071BCD7 /* ReadeRSS.app */;
			productType = "com.apple.product-type.application";
		};
/* End PBXNativeTarget section */

/* Begin PBXProject section */
		4223911F1D2E83350071BCD7 /* Project object */ = {
			isa = PBXProject;
			attributes = {
				LastSwiftUpdateCheck = 0730;
				LastUpgradeCheck = 0730;
				ORGANIZATIONNAME = "Mate Papp";
				TargetAttributes = {
					422391261D2E83350071BCD7 = {
						CreatedOnToolsVersion = 7.3;
						DevelopmentTeam = E6SA5UUA26;
					};
				};
			};
			buildConfigurationList = 422391221D2E83350071BCD7 /* Build configuration list for PBXProject "ReadeRSS" */;
			compatibilityVersion = "Xcode 3.2";
			developmentRegion = English;
			hasScannedForEncodings = 0;
			knownRegions = (
				en,
				Base,
			);
			mainGroup = 4223911E1D2E83350071BCD7;
			productRefGroup = 422391281D2E83350071BCD7 /* Products */;
			projectDirPath = "";
			projectRoot = "";
			targets = (
				422391261D2E83350071BCD7 /* ReadeRSS */,
			);
		};
/* End PBXProject section */

/* Begin PBXResourcesBuildPhase section */
		422391251D2E83350071BCD7 /* Resources */ = {
			isa = PBXResourcesBuildPhase;
			buildActionMask = 2147483647;
			files = (
				424696901D36638F0061D37E /* Main.storyboard in Resources */,
				422391351D2E83350071BCD7 /* LaunchScreen.storyboard in Resources */,
				422391321D2E83350071BCD7 /* Assets.xcassets in Resources */,
			);
			runOnlyForDeploymentPostprocessing = 0;
		};
/* End PBXResourcesBuildPhase section */

/* Begin PBXShellScriptBuildPhase section */
		1AE6BC949E3A7932D17E56AC /* [CP] Embed Pods Frameworks */ = {
			isa = PBXShellScriptBuildPhase;
			buildActionMask = 2147483647;
			files = (
			);
			inputPaths = (
			);
			name = "[CP] Embed Pods Frameworks";
			outputPaths = (
			);
			runOnlyForDeploymentPostprocessing = 0;
			shellPath = /bin/sh;
			shellScript = "\"${SRCROOT}/Pods/Target Support Files/Pods-ReadeRSS/Pods-ReadeRSS-frameworks.sh\"\n";
			showEnvVarsInLog = 0;
		};
		491071100E77433D9427F4A7 /* [CP] Copy Pods Resources */ = {
			isa = PBXShellScriptBuildPhase;
			buildActionMask = 2147483647;
			files = (
			);
			inputPaths = (
			);
			name = "[CP] Copy Pods Resources";
			outputPaths = (
			);
			runOnlyForDeploymentPostprocessing = 0;
			shellPath = /bin/sh;
			shellScript = "\"${SRCROOT}/Pods/Target Support Files/Pods-ReadeRSS/Pods-ReadeRSS-resources.sh\"\n";
			showEnvVarsInLog = 0;
		};
		720073CE95B79E7EE6C34B98 /* [CP] Check Pods Manifest.lock */ = {
			isa = PBXShellScriptBuildPhase;
			buildActionMask = 2147483647;
			files = (
			);
			inputPaths = (
			);
			name = "[CP] Check Pods Manifest.lock";
			outputPaths = (
			);
			runOnlyForDeploymentPostprocessing = 0;
			shellPath = /bin/sh;
			shellScript = "diff \"${PODS_ROOT}/../Podfile.lock\" \"${PODS_ROOT}/Manifest.lock\" > /dev/null\nif [[ $? != 0 ]] ; then\n    cat << EOM\nerror: The sandbox is not in sync with the Podfile.lock. Run 'pod install' or update your CocoaPods installation.\nEOM\n    exit 1\nfi\n";
			showEnvVarsInLog = 0;
		};
/* End PBXShellScriptBuildPhase section */

/* Begin PBXSourcesBuildPhase section */
		422391231D2E83350071BCD7 /* Sources */ = {
			isa = PBXSourcesBuildPhase;
			buildActionMask = 2147483647;
			files = (
				420C30861D3CC3610077E18E /* Category.swift in Sources */,
				422391421D2E85710071BCD7 /* ListTableViewController.swift in Sources */,
				4246968B1D3637F10061D37E /* Feed.swift in Sources */,
				4223914C1D2FC8370071BCD7 /* ListTableViewCell.swift in Sources */,
				42237CDA1D3E257100A1C262 /* MainTableViewController.swift in Sources */,
				427B343A1D378FD70008765B /* Section.swift in Sources */,
				427B34381D377EC10008765B /* ArticleSafariViewController.swift in Sources */,
				4246968E1D363D190061D37E /* XMLParser.swift in Sources */,
				424845AA1D40E3FB0039AFE5 /* DataHandler.swift in Sources */,
				422391481D2E94EF0071BCD7 /* Article.swift in Sources */,
				4223914A1D2FA7E80071BCD7 /* MainTableViewCell.swift in Sources */,
				422391441D2E857E0071BCD7 /* ProfileTableViewController.swift in Sources */,
				4223912B1D2E83350071BCD7 /* AppDelegate.swift in Sources */,
				424845A81D40BF770039AFE5 /* AdditemViewController.swift in Sources */,
			);
			runOnlyForDeploymentPostprocessing = 0;
		};
/* End PBXSourcesBuildPhase section */

/* Begin PBXVariantGroup section */
		422391331D2E83350071BCD7 /* LaunchScreen.storyboard */ = {
			isa = PBXVariantGroup;
			children = (
				422391341D2E83350071BCD7 /* Base */,
			);
			name = LaunchScreen.storyboard;
			sourceTree = "<group>";
		};
/* End PBXVariantGroup section */

/* Begin XCBuildConfiguration section */
		422391371D2E83350071BCD7 /* Debug */ = {
			isa = XCBuildConfiguration;
			buildSettings = {
				ALWAYS_SEARCH_USER_PATHS = NO;
				CLANG_ANALYZER_NONNULL = YES;
				CLANG_CXX_LANGUAGE_STANDARD = "gnu++0x";
				CLANG_CXX_LIBRARY = "libc++";
				CLANG_ENABLE_MODULES = YES;
				CLANG_ENABLE_OBJC_ARC = YES;
				CLANG_WARN_BOOL_CONVERSION = YES;
				CLANG_WARN_CONSTANT_CONVERSION = YES;
				CLANG_WARN_DIRECT_OBJC_ISA_USAGE = YES_ERROR;
				CLANG_WARN_EMPTY_BODY = YES;
				CLANG_WARN_ENUM_CONVERSION = YES;
				CLANG_WARN_INT_CONVERSION = YES;
				CLANG_WARN_OBJC_ROOT_CLASS = YES_ERROR;
				CLANG_WARN_UNREACHABLE_CODE = YES;
				CLANG_WARN__DUPLICATE_METHOD_MATCH = YES;
				"CODE_SIGN_IDENTITY[sdk=iphoneos*]" = "iPhone Developer";
				COPY_PHASE_STRIP = NO;
				DEBUG_INFORMATION_FORMAT = dwarf;
				ENABLE_STRICT_OBJC_MSGSEND = YES;
				ENABLE_TESTABILITY = YES;
				GCC_C_LANGUAGE_STANDARD = gnu99;
				GCC_DYNAMIC_NO_PIC = NO;
				GCC_NO_COMMON_BLOCKS = YES;
				GCC_OPTIMIZATION_LEVEL = 0;
				GCC_PREPROCESSOR_DEFINITIONS = (
					"DEBUG=1",
					"$(inherited)",
				);
				GCC_WARN_64_TO_32_BIT_CONVERSION = YES;
				GCC_WARN_ABOUT_RETURN_TYPE = YES_ERROR;
				GCC_WARN_UNDECLARED_SELECTOR = YES;
				GCC_WARN_UNINITIALIZED_AUTOS = YES_AGGRESSIVE;
				GCC_WARN_UNUSED_FUNCTION = YES;
				GCC_WARN_UNUSED_VARIABLE = YES;
				IPHONEOS_DEPLOYMENT_TARGET = 9.3;
				MTL_ENABLE_DEBUG_INFO = YES;
				ONLY_ACTIVE_ARCH = YES;
				SDKROOT = iphoneos;
				SWIFT_OPTIMIZATION_LEVEL = "-Onone";
			};
			name = Debug;
		};
		422391381D2E83350071BCD7 /* Release */ = {
			isa = XCBuildConfiguration;
			buildSettings = {
				ALWAYS_SEARCH_USER_PATHS = NO;
				CLANG_ANALYZER_NONNULL = YES;
				CLANG_CXX_LANGUAGE_STANDARD = "gnu++0x";
				CLANG_CXX_LIBRARY = "libc++";
				CLANG_ENABLE_MODULES = YES;
				CLANG_ENABLE_OBJC_ARC = YES;
				CLANG_WARN_BOOL_CONVERSION = YES;
				CLANG_WARN_CONSTANT_CONVERSION = YES;
				CLANG_WARN_DIRECT_OBJC_ISA_USAGE = YES_ERROR;
				CLANG_WARN_EMPTY_BODY = YES;
				CLANG_WARN_ENUM_CONVERSION = YES;
				CLANG_WARN_INT_CONVERSION = YES;
				CLANG_WARN_OBJC_ROOT_CLASS = YES_ERROR;
				CLANG_WARN_UNREACHABLE_CODE = YES;
				CLANG_WARN__DUPLICATE_METHOD_MATCH = YES;
				"CODE_SIGN_IDENTITY[sdk=iphoneos*]" = "iPhone Developer";
				COPY_PHASE_STRIP = NO;
				DEBUG_INFORMATION_FORMAT = "dwarf-with-dsym";
				ENABLE_NS_ASSERTIONS = NO;
				ENABLE_STRICT_OBJC_MSGSEND = YES;
				GCC_C_LANGUAGE_STANDARD = gnu99;
				GCC_NO_COMMON_BLOCKS = YES;
				GCC_WARN_64_TO_32_BIT_CONVERSION = YES;
				GCC_WARN_ABOUT_RETURN_TYPE = YES_ERROR;
				GCC_WARN_UNDECLARED_SELECTOR = YES;
				GCC_WARN_UNINITIALIZED_AUTOS = YES_AGGRESSIVE;
				GCC_WARN_UNUSED_FUNCTION = YES;
				GCC_WARN_UNUSED_VARIABLE = YES;
				IPHONEOS_DEPLOYMENT_TARGET = 9.3;
				MTL_ENABLE_DEBUG_INFO = NO;
				SDKROOT = iphoneos;
				VALIDATE_PRODUCT = YES;
			};
			name = Release;
		};
		4223913A1D2E83350071BCD7 /* Debug */ = {
			isa = XCBuildConfiguration;
			baseConfigurationReference = AD8F73AC1F2D56C4356B3274 /* Pods-ReadeRSS.debug.xcconfig */;
			buildSettings = {
				ASSETCATALOG_COMPILER_APPICON_NAME = AppIcon;
				CODE_SIGN_IDENTITY = "iPhone Developer";
				"CODE_SIGN_IDENTITY[sdk=iphoneos*]" = "iPhone Developer";
				INFOPLIST_FILE = ReadeRSS/Info.plist;
				LD_RUNPATH_SEARCH_PATHS = "$(inherited) @executable_path/Frameworks";
				PRODUCT_BUNDLE_IDENTIFIER = matepapp.ReadeRSS;
				PRODUCT_NAME = "$(TARGET_NAME)";
				PROVISIONING_PROFILE = "";
			};
			name = Debug;
		};
		4223913B1D2E83350071BCD7 /* Release */ = {
			isa = XCBuildConfiguration;
			baseConfigurationReference = C20475FE1A02F1870D96E4CE /* Pods-ReadeRSS.release.xcconfig */;
			buildSettings = {
				ASSETCATALOG_COMPILER_APPICON_NAME = AppIcon;
				CODE_SIGN_IDENTITY = "iPhone Developer";
				"CODE_SIGN_IDENTITY[sdk=iphoneos*]" = "iPhone Developer";
				INFOPLIST_FILE = ReadeRSS/Info.plist;
				LD_RUNPATH_SEARCH_PATHS = "$(inherited) @executable_path/Frameworks";
				PRODUCT_BUNDLE_IDENTIFIER = matepapp.ReadeRSS;
				PRODUCT_NAME = "$(TARGET_NAME)";
				PROVISIONING_PROFILE = "";
			};
			name = Release;
		};
/* End XCBuildConfiguration section */

/* Begin XCConfigurationList section */
		422391221D2E83350071BCD7 /* Build configuration list for PBXProject "ReadeRSS" */ = {
			isa = XCConfigurationList;
			buildConfigurations = (
				422391371D2E83350071BCD7 /* Debug */,
				422391381D2E83350071BCD7 /* Release */,
			);
			defaultConfigurationIsVisible = 0;
			defaultConfigurationName = Release;
		};
		422391391D2E83350071BCD7 /* Build configuration list for PBXNativeTarget "ReadeRSS" */ = {
			isa = XCConfigurationList;
			buildConfigurations = (
				4223913A1D2E83350071BCD7 /* Debug */,
				4223913B1D2E83350071BCD7 /* Release */,
			);
			defaultConfigurationIsVisible = 0;
			defaultConfigurationName = Release;
		};
/* End XCConfigurationList section */
	};
	rootObject = 4223911F1D2E83350071BCD7 /* Project object */;
}
